
Microsoft Visual Studio Solution File, Format Version 12.00
# Visual Studio Version 17
VisualStudioVersion = 17.13.35806.99 d17.13
MinimumVisualStudioVersion = 10.0.40219.1
Project("{8BC9CEB8-8B4A-11D0-8D11-00A0C91BC942}") = "Zad4", "Zad4\Zad4.vcxproj", "{19A834D9-65B3-41C8-9F6C-301F122F241F}"
EndProject
Project("{8BC9CEB8-8B4A-11D0-8D11-00A0C91BC942}") = "Zad5", "Zad5\Zad5.vcxproj", "{2328EA96-F2EE-4A17-9514-76D230686F21}"
EndProject
Project("{8BC9CEB8-8B4A-11D0-8D11-00A0C91BC942}") = "Zad5.1", "Zad5.1\Zad5.1.vcxproj", "{B5F09148-66B8-4DE0-8E20-66BEF9760B94}"
EndProject
Global
	GlobalSection(SolutionConfigurationPlatforms) = preSolution
		Debug|x64 = Debug|x64
		Debug|x86 = Debug|x86
		Release|x64 = Release|x64
		Release|x86 = Release|x86
	EndGlobalSection
	GlobalSection(ProjectConfigurationPlatforms) = postSolution
		{19A834D9-65B3-41C8-9F6C-301F122F241F}.Debug|x64.ActiveCfg = Debug|x64
		{19A834D9-65B3-41C8-9F6C-301F122F241F}.Debug|x64.Build.0 = Debug|x64
		{19A834D9-65B3-41C8-9F6C-301F122F241F}.Debug|x86.ActiveCfg = Debug|Win32
		{19A834D9-65B3-41C8-9F6C-301F122F241F}.Debug|x86.Build.0 = Debug|Win32
		{19A834D9-65B3-41C8-9F6C-301F122F241F}.Release|x64.ActiveCfg = Release|x64
		{19A834D9-65B3-41C8-9F6C-301F122F241F}.Release|x64.Build.0 = Release|x64
		{19A834D9-65B3-41C8-9F6C-301F122F241F}.Release|x86.ActiveCfg = Release|Win32
		{19A834D9-65B3-41C8-9F6C-301F122F241F}.Release|x86.Build.0 = Release|Win32
		{2328EA96-F2EE-4A17-9514-76D230686F21}.Debug|x64.ActiveCfg = Debug|x64
		{2328EA96-F2EE-4A17-9514-76D230686F21}.Debug|x64.Build.0 = Debug|x64
		{2328EA96-F2EE-4A17-9514-76D230686F21}.Debug|x86.ActiveCfg = Debug|Win32
		{2328EA96-F2EE-4A17-9514-76D230686F21}.Debug|x86.Build.0 = Debug|Win32
		{2328EA96-F2EE-4A17-9514-76D230686F21}.Release|x64.ActiveCfg = Release|x64
		{2328EA96-F2EE-4A17-9514-76D230686F21}.Release|x64.Build.0 = Release|x64
		{2328EA96-F2EE-4A17-9514-76D230686F21}.Release|x86.ActiveCfg = Release|Win32
		{2328EA96-F2EE-4A17-9514-76D230686F21}.Release|x86.Build.0 = Release|Win32
		{B5F09148-66B8-4DE0-8E20-66BEF9760B94}.Debug|x64.ActiveCfg = Debug|x64
		{B5F09148-66B8-4DE0-8E20-66BEF9760B94}.Debug|x64.Build.0 = Debug|x64
		{B5F09148-66B8-4DE0-8E20-66BEF9760B94}.Debug|x86.ActiveCfg = Debug|Win32
		{B5F09148-66B8-4DE0-8E20-66BEF9760B94}.Debug|x86.Build.0 = Debug|Win32
		{B5F09148-66B8-4DE0-8E20-66BEF9760B94}.Release|x64.ActiveCfg = Release|x64
		{B5F09148-66B8-4DE0-8E20-66BEF9760B94}.Release|x64.Build.0 = Release|x64
		{B5F09148-66B8-4DE0-8E20-66BEF9760B94}.Release|x86.ActiveCfg = Release|Win32
		{B5F09148-66B8-4DE0-8E20-66BEF9760B94}.Release|x86.Build.0 = Release|Win32
	EndGlobalSection
	GlobalSection(SolutionProperties) = preSolution
		HideSolutionNode = FALSE
	EndGlobalSection
	GlobalSection(ExtensibilityGlobals) = postSolution
		SolutionGuid = {CC0D4B54-6406-4BCC-842B-BEE856A39BEB}
	EndGlobalSection
EndGlobal
